// !$*UTF8*$!
{
	archiveVersion = 1;
	classes = {
	};
	objectVersion = 46;
	objects = {

/* Begin PBXBuildFile section */
		D4C7069B2021E3DB005C4ADD /* AppDelegate.swift in Sources */ = {isa = PBXBuildFile; fileRef = D4C7069A2021E3DB005C4ADD /* AppDelegate.swift */; };
		D4C7069D2021E3DB005C4ADD /* ViewController.swift in Sources */ = {isa = PBXBuildFile; fileRef = D4C7069C2021E3DB005C4ADD /* ViewController.swift */; };
		D4C706A02021E3DB005C4ADD /* Main.storyboard in Resources */ = {isa = PBXBuildFile; fileRef = D4C7069E2021E3DB005C4ADD /* Main.storyboard */; };
		D4C706A22021E3DB005C4ADD /* Assets.xcassets in Resources */ = {isa = PBXBuildFile; fileRef = D4C706A12021E3DB005C4ADD /* Assets.xcassets */; };
		D4C706A52021E3DB005C4ADD /* LaunchScreen.storyboard in Resources */ = {isa = PBXBuildFile; fileRef = D4C706A32021E3DB005C4ADD /* LaunchScreen.storyboard */; };
/* End PBXBuildFile section */

/* Begin PBXFileReference section */
		D4C706972021E3DB005C4ADD /* lifelog.app */ = {isa = PBXFileReference; explicitFileType = wrapper.application; includeInIndex = 0; path = lifelog.app; sourceTree = BUILT_PRODUCTS_DIR; };
		D4C7069A2021E3DB005C4ADD /* AppDelegate.swift */ = {isa = PBXFileReference; lastKnownFileType = sourcecode.swift; path = AppDelegate.swift; sourceTree = "<group>"; };
		D4C7069C2021E3DB005C4ADD /* ViewController.swift */ = {isa = PBXFileReference; lastKnownFileType = sourcecode.swift; path = ViewController.swift; sourceTree = "<group>"; };
		D4C7069F2021E3DB005C4ADD /* Base */ = {isa = PBXFileReference; lastKnownFileType = file.storyboard; name = Base; path = Base.lproj/Main.storyboard; sourceTree = "<group>"; };
		D4C706A12021E3DB005C4ADD /* Assets.xcassets */ = {isa = PBXFileReference; lastKnownFileType = folder.assetcatalog; path = Assets.xcassets; sourceTree = "<group>"; };
		D4C706A42021E3DB005C4ADD /* Base */ = {isa = PBXFileReference; lastKnownFileType = file.storyboard; name = Base; path = Base.lproj/LaunchScreen.storyboard; sourceTree = "<group>"; };
		D4C706A62021E3DB005C4ADD /* Info.plist */ = {isa = PBXFileReference; lastKnownFileType = text.plist.xml; path = Info.plist; sourceTree = "<group>"; };
/* End PBXFileReference section */

/* Begin PBXFrameworksBuildPhase section */
		D4C706942021E3DB005C4ADD /* Frameworks */ = {
			isa = PBXFrameworksBuildPhase;
			buildActionMask = 2147483647;
			files = (
			);
			runOnlyForDeploymentPostprocessing = 0;
		};
/* End PBXFrameworksBuildPhase section */

/* Begin PBXGroup section */
		D4C7068E2021E3DB005C4ADD = {
			isa = PBXGroup;
			children = (
				D4C706992021E3DB005C4ADD /* lifelog */,
				D4C706982021E3DB005C4ADD /* Products */,
			);
			sourceTree = "<group>";
		};
		D4C706982021E3DB005C4ADD /* Products */ = {
			isa = PBXGroup;
			children = (
				D4C706972021E3DB005C4ADD /* lifelog.app */,
			);
			name = Products;
			sourceTree = "<group>";
		};
		D4C706992021E3DB005C4ADD /* lifelog */ = {
			isa = PBXGroup;
			children = (
				D4C7069A2021E3DB005C4ADD /* AppDelegate.swift */,
				D4C7069C2021E3DB005C4ADD /* ViewController.swift */,
				D4C7069E2021E3DB005C4ADD /* Main.storyboard */,
				D4C706A12021E3DB005C4ADD /* Assets.xcassets */,
				D4C706A32021E3DB005C4ADD /* LaunchScreen.storyboard */,
				D4C706A62021E3DB005C4ADD /* Info.plist */,
			);
			path = lifelog;
			sourceTree = "<group>";
		};
/* End PBXGroup section */

/* Begin PBXNativeTarget section */
		D4C706962021E3DB005C4ADD /* lifelog */ = {
			isa = PBXNativeTarget;
			buildConfigurationList = D4C706A92021E3DB005C4ADD /* Build configuration list for PBXNativeTarget "lifelog" */;
			buildPhases = (
				D4C706932021E3DB005C4ADD /* Sources */,
				D4C706942021E3DB005C4ADD /* Frameworks */,
				D4C706952021E3DB005C4ADD /* Resources */,
			);
			buildRules = (
			);
			dependencies = (
			);
			name = lifelog;
			productName = lifelog;
			productReference = D4C706972021E3DB005C4ADD /* lifelog.app */;
			productType = "com.apple.product-type.application";
		};
/* End PBXNativeTarget section */

/* Begin PBXProject section */
		D4C7068F2021E3DB005C4ADD /* Project object */ = {
			isa = PBXProject;
			attributes = {
				LastSwiftUpdateCheck = 0830;
				LastUpgradeCheck = 0830;
				ORGANIZATIONNAME = aiki.doi;
				TargetAttributes = {
					D4C706962021E3DB005C4ADD = {
						CreatedOnToolsVersion = 8.3.3;
						DevelopmentTeam = 5DT88965V7;
						ProvisioningStyle = Automatic;
					};
				};
			};
			buildConfigurationList = D4C706922021E3DB005C4ADD /* Build configuration list for PBXProject "lifelog" */;
			compatibilityVersion = "Xcode 3.2";
			developmentRegion = English;
			hasScannedForEncodings = 0;
			knownRegions = (
				en,
				Base,
			);
			mainGroup = D4C7068E2021E3DB005C4ADD;
			productRefGroup = D4C706982021E3DB005C4ADD /* Products */;
			projectDirPath = "";
			projectRoot = "";
			targets = (
				D4C706962021E3DB005C4ADD /* lifelog */,
			);
		};
/* End PBXProject section */

/* Begin PBXResourcesBuildPhase section */
		D4C706952021E3DB005C4ADD /* Resources */ = {
			isa = PBXResourcesBuildPhase;
			buildActionMask = 2147483647;
			files = (
				D4C706A52021E3DB005C4ADD /* LaunchScreen.storyboard in Resources */,
				D4C706A22021E3DB005C4ADD /* Assets.xcassets in Resources */,
				D4C706A02021E3DB005C4ADD /* Main.storyboard in Resources */,
			);
			runOnlyForDeploymentPostprocessing = 0;
		};
/* End PBXResourcesBuildPhase section */

/* Begin PBXSourcesBuildPhase section */
		D4C706932021E3DB005C4ADD /* Sources */ = {
			isa = PBXSourcesBuildPhase;
			buildActionMask = 2147483647;
			files = (
				D4C7069D2021E3DB005C4ADD /* ViewController.swift in Sources */,
				D4C7069B2021E3DB005C4ADD /* AppDelegate.swift in Sources */,
			);
			runOnlyForDeploymentPostprocessing = 0;
		};
/* End PBXSourcesBuildPhase section */

/* Begin PBXVariantGroup section */
		D4C7069E2021E3DB005C4ADD /* Main.storyboard */ = {
			isa = PBXVariantGroup;
			children = (
				D4C7069F2021E3DB005C4ADD /* Base */,
			);
			name = Main.storyboard;
			sourceTree = "<group>";
		};
		D4C706A32021E3DB005C4ADD /* LaunchScreen.storyboard */ = {
			isa = PBXVariantGroup;
			children = (
				D4C706A42021E3DB005C4ADD /* Base */,
			);
			name = LaunchScreen.storyboard;
			sourceTree = "<group>";
		};
/* End PBXVariantGroup section */

/* Begin XCBuildConfiguration section */
		D4C706A72021E3DB005C4ADD /* Debug */ = {
			isa = XCBuildConfiguration;
			buildSettings = {
				ALWAYS_SEARCH_USER_PATHS = NO;
				CLANG_ANALYZER_NONNULL = YES;
				CLANG_ANALYZER_NUMBER_OBJECT_CONVERSION = YES_AGGRESSIVE;
				CLANG_CXX_LANGUAGE_STANDARD = "gnu++0x";
				CLANG_CXX_LIBRARY = "libc++";
				CLANG_ENABLE_MODULES = YES;
				CLANG_ENABLE_OBJC_ARC = YES;
				CLANG_WARN_BOOL_CONVERSION = YES;
				CLANG_WARN_CONSTANT_CONVERSION = YES;
				CLANG_WARN_DIRECT_OBJC_ISA_USAGE = YES_ERROR;
				CLANG_WARN_DOCUMENTATION_COMMENTS = YES;
				CLANG_WARN_EMPTY_BODY = YES;
				CLANG_WARN_ENUM_CONVERSION = YES;
				CLANG_WARN_INFINITE_RECURSION = YES;
				CLANG_WARN_INT_CONVERSION = YES;
				CLANG_WARN_OBJC_ROOT_CLASS = YES_ERROR;
				CLANG_WARN_SUSPICIOUS_MOVE = YES;
				CLANG_WARN_UNREACHABLE_CODE = YES;
				CLANG_WARN__DUPLICATE_METHOD_MATCH = YES;
				"CODE_SIGN_IDENTITY[sdk=iphoneos*]" = "iPhone Developer";
				COPY_PHASE_STRIP = NO;
				DEBUG_INFORMATION_FORMAT = dwarf;
				ENABLE_STRICT_OBJC_MSGSEND = YES;
				ENABLE_TESTABILITY = YES;
				GCC_C_LANGUAGE_STANDARD = gnu99;
				GCC_DYNAMIC_NO_PIC = NO;
				GCC_NO_COMMON_BLOCKS = YES;
				GCC_OPTIMIZATION_LEVEL = 0;
				GCC_PREPROCESSOR_DEFINITIONS = (
					"DEBUG=1",
					"$(inherited)",
				);
				GCC_WARN_64_TO_32_BIT_CONVERSION = YES;
				GCC_WARN_ABOUT_RETURN_TYPE = YES_ERROR;
				GCC_WARN_UNDECLARED_SELECTOR = YES;
				GCC_WARN_UNINITIALIZED_AUTOS = YES_AGGRESSIVE;
				GCC_WARN_UNUSED_FUNCTION = YES;
				GCC_WARN_UNUSED_VARIABLE = YES;
				IPHONEOS_DEPLOYMENT_TARGET = 10.3;
				MTL_ENABLE_DEBUG_INFO = YES;
				ONLY_ACTIVE_ARCH = YES;
				SDKROOT = iphoneos;
				SWIFT_ACTIVE_COMPILATION_CONDITIONS = DEBUG;
				SWIFT_OPTIMIZATION_LEVEL = "-Onone";
			};
			name = Debug;
		};
		D4C706A82021E3DB005C4ADD /* Release */ = {
			isa = XCBuildConfiguration;
			buildSettings = {
				ALWAYS_SEARCH_USER_PATHS = NO;
				CLANG_ANALYZER_NONNULL = YES;
				CLANG_ANALYZER_NUMBER_OBJECT_CONVERSION = YES_AGGRESSIVE;
				CLANG_CXX_LANGUAGE_STANDARD = "gnu++0x";
				CLANG_CXX_LIBRARY = "libc++";
				CLANG_ENABLE_MODULES = YES;
				CLANG_ENABLE_OBJC_ARC = YES;
				CLANG_WARN_BOOL_CONVERSION = YES;
				CLANG_WARN_CONSTANT_CONVERSION = YES;
				CLANG_WARN_DIRECT_OBJC_ISA_USAGE = YES_ERROR;
				CLANG_WARN_DOCUMENTATION_COMMENTS = YES;
				CLANG_WARN_EMPTY_BODY = YES;
				CLANG_WARN_ENUM_CONVERSION = YES;
				CLANG_WARN_INFINITE_RECURSION = YES;
				CLANG_WARN_INT_CONVERSION = YES;
				CLANG_WARN_OBJC_ROOT_CLASS = YES_ERROR;
				CLANG_WARN_SUSPICIOUS_MOVE = YES;
				CLANG_WARN_UNREACHABLE_CODE = YES;
				CLANG_WARN__DUPLICATE_METHOD_MATCH = YES;
				"CODE_SIGN_IDENTITY[sdk=iphoneos*]" = "iPhone Developer";
				COPY_PHASE_STRIP = NO;
				DEBUG_INFORMATION_FORMAT = "dwarf-with-dsym";
				ENABLE_NS_ASSERTIONS = NO;
				ENABLE_STRICT_OBJC_MSGSEND = YES;
				GCC_C_LANGUAGE_STANDARD = gnu99;
				GCC_NO_COMMON_BLOCKS = YES;
				GCC_WARN_64_TO_32_BIT_CONVERSION = YES;
				GCC_WARN_ABOUT_RETURN_TYPE = YES_ERROR;
				GCC_WARN_UNDECLARED_SELECTOR = YES;
				GCC_WARN_UNINITIALIZED_AUTOS = YES_AGGRESSIVE;
				GCC_WARN_UNUSED_FUNCTION = YES;
				GCC_WARN_UNUSED_VARIABLE = YES;
				IPHONEOS_DEPLOYMENT_TARGET = 10.3;
				MTL_ENABLE_DEBUG_INFO = NO;
				SDKROOT = iphoneos;
				SWIFT_OPTIMIZATION_LEVEL = "-Owholemodule";
				VALIDATE_PRODUCT = YES;
			};
			name = Release;
		};
		D4C706AA2021E3DB005C4ADD /* Debug */ = {
			isa = XCBuildConfiguration;
			buildSettings = {
				ASSETCATALOG_COMPILER_APPICON_NAME = AppIcon;
				DEVELOPMENT_TEAM = 5DT88965V7;
				INFOPLIST_FILE = lifelog/Info.plist;
				LD_RUNPATH_SEARCH_PATHS = "$(inherited) @executable_path/Frameworks";
				PRODUCT_BUNDLE_IDENTIFIER = jp.techacademy.aiki.doi.lifelog;
				PRODUCT_NAME = "$(TARGET_NAME)";
				SWIFT_VERSION = 3.0;
			};
			name = Debug;
		};
		D4C706AB2021E3DB005C4ADD /* Release */ = {
			isa = XCBuildConfiguration;
			buildSettings = {
				ASSETCATALOG_COMPILER_APPICON_NAME = AppIcon;
				DEVELOPMENT_TEAM = 5DT88965V7;
				INFOPLIST_FILE = lifelog/Info.plist;
				LD_RUNPATH_SEARCH_PATHS = "$(inherited) @executable_path/Frameworks";
				PRODUCT_BUNDLE_IDENTIFIER = jp.techacademy.aiki.doi.lifelog;
				PRODUCT_NAME = "$(TARGET_NAME)";
				SWIFT_VERSION = 3.0;
			};
			name = Release;
		};
/* End XCBuildConfiguration section */

/* Begin XCConfigurationList section */
		D4C706922021E3DB005C4ADD /* Build configuration list for PBXProject "lifelog" */ = {
			isa = XCConfigurationList;
			buildConfigurations = (
				D4C706A72021E3DB005C4ADD /* Debug */,
				D4C706A82021E3DB005C4ADD /* Release */,
			);
			defaultConfigurationIsVisible = 0;
			defaultConfigurationName = Release;
		};
		D4C706A92021E3DB005C4ADD /* Build configuration list for PBXNativeTarget "lifelog" */ = {
			isa = XCConfigurationList;
			buildConfigurations = (
				D4C706AA2021E3DB005C4ADD /* Debug */,
				D4C706AB2021E3DB005C4ADD /* Release */,
			);
			defaultConfigurationIsVisible = 0;
		};
/* End XCConfigurationList section */
	};
	rootObject = D4C7068F2021E3DB005C4ADD /* Project object */;
}
